
Microsoft Visual Studio Solution File, Format Version 12.00
# Visual Studio Version 17
VisualStudioVersion = 17.1.32228.430
MinimumVisualStudioVersion = 10.0.40219.1
Project("{9A19103F-16F7-4668-BE54-9A1E7A4F7556}") = "Server.App", "App\Server.App.csproj", "{11464C2C-E0B6-476E-ABB1-87445E736B76}"
EndProject
Project("{9A19103F-16F7-4668-BE54-9A1E7A4F7556}") = "Server.Hotfix", "Hotfix\Server.Hotfix.csproj", "{E383A68D-1928-46F4-8896-4E99DF331476}"
EndProject
Project("{9A19103F-16F7-4668-BE54-9A1E7A4F7556}") = "Server.Model", "Model\Server.Model.csproj", "{85CB09B5-6392-4A13-BAF8-025218BFF496}"
	ProjectSection(ProjectDependencies) = postProject
		{1EA61F4E-00E6-4C91-83FD-D144931558CB} = {1EA61F4E-00E6-4C91-83FD-D144931558CB}
	EndProjectSection
EndProject
Project("{2150E333-8FDC-42A3-9474-1A3956D46DE8}") = "ThirdParty", "ThirdParty", "{5D11E730-0CAA-4A47-BA1A-379004F0F6D9}"
EndProject
Project("{9A19103F-16F7-4668-BE54-9A1E7A4F7556}") = "Google.Protobuf", "ThirdParty\Google.Protobuf\Google.Protobuf.csproj", "{02B4D7EC-AC40-4675-963E-53CAB9A86BDE}"
EndProject
Project("{9A19103F-16F7-4668-BE54-9A1E7A4F7556}") = "KcpLib", "ThirdParty\KcpLib\KcpLib.csproj", "{2B432E70-FA05-4D99-8241-237B0E4F5D84}"
EndProject
Project("{9A19103F-16F7-4668-BE54-9A1E7A4F7556}") = "CFrameWork", "CFrameWork\CFrameWork.csproj", "{3D3CC3D8-2BE5-4239-8471-B2CB2892FA9A}"
EndProject
Project("{9A19103F-16F7-4668-BE54-9A1E7A4F7556}") = "MathsParser", "ThirdParty\MathsParser\MathsParser.csproj", "{1EA61F4E-00E6-4C91-83FD-D144931558CB}"
EndProject
Project("{9A19103F-16F7-4668-BE54-9A1E7A4F7556}") = "DbTool", "DbTool\DbTool.csproj", "{92431310-D700-4979-8993-9636C48DF349}"
EndProject
Project("{2150E333-8FDC-42A3-9474-1A3956D46DE8}") = "Share", "Share", "{42319167-E910-4EB9-BA89-7A347E5693CF}"
EndProject
Project("{9A19103F-16F7-4668-BE54-9A1E7A4F7556}") = "Share.Analyzer", "Share\Analyzer\Share.Analyzer.csproj", "{93810F37-381B-43C7-A7AA-5BBD3A0A6C1D}"
EndProject
Global
	GlobalSection(SolutionConfigurationPlatforms) = preSolution
		Debug|Any CPU = Debug|Any CPU
		Debug|x64 = Debug|x64
		Debug|x86 = Debug|x86
		Release|Any CPU = Release|Any CPU
		Release|x64 = Release|x64
		Release|x86 = Release|x86
	EndGlobalSection
	GlobalSection(ProjectConfigurationPlatforms) = postSolution
		{11464C2C-E0B6-476E-ABB1-87445E736B76}.Debug|Any CPU.ActiveCfg = Debug|Any CPU
		{11464C2C-E0B6-476E-ABB1-87445E736B76}.Debug|Any CPU.Build.0 = Debug|Any CPU
		{11464C2C-E0B6-476E-ABB1-87445E736B76}.Debug|x64.ActiveCfg = Debug|Any CPU
		{11464C2C-E0B6-476E-ABB1-87445E736B76}.Debug|x64.Build.0 = Debug|Any CPU
		{11464C2C-E0B6-476E-ABB1-87445E736B76}.Debug|x86.ActiveCfg = Debug|Any CPU
		{11464C2C-E0B6-476E-ABB1-87445E736B76}.Debug|x86.Build.0 = Debug|Any CPU
		{11464C2C-E0B6-476E-ABB1-87445E736B76}.Release|Any CPU.ActiveCfg = Release|Any CPU
		{11464C2C-E0B6-476E-ABB1-87445E736B76}.Release|Any CPU.Build.0 = Release|Any CPU
		{11464C2C-E0B6-476E-ABB1-87445E736B76}.Release|x64.ActiveCfg = Release|Any CPU
		{11464C2C-E0B6-476E-ABB1-87445E736B76}.Release|x64.Build.0 = Release|Any CPU
		{11464C2C-E0B6-476E-ABB1-87445E736B76}.Release|x86.ActiveCfg = Release|Any CPU
		{11464C2C-E0B6-476E-ABB1-87445E736B76}.Release|x86.Build.0 = Release|Any CPU
		{E383A68D-1928-46F4-8896-4E99DF331476}.Debug|Any CPU.ActiveCfg = Debug|Any CPU
		{E383A68D-1928-46F4-8896-4E99DF331476}.Debug|Any CPU.Build.0 = Debug|Any CPU
		{E383A68D-1928-46F4-8896-4E99DF331476}.Debug|x64.ActiveCfg = Debug|Any CPU
		{E383A68D-1928-46F4-8896-4E99DF331476}.Debug|x64.Build.0 = Debug|Any CPU
		{E383A68D-1928-46F4-8896-4E99DF331476}.Debug|x86.ActiveCfg = Debug|Any CPU
		{E383A68D-1928-46F4-8896-4E99DF331476}.Debug|x86.Build.0 = Debug|Any CPU
		{E383A68D-1928-46F4-8896-4E99DF331476}.Release|Any CPU.ActiveCfg = Release|Any CPU
		{E383A68D-1928-46F4-8896-4E99DF331476}.Release|Any CPU.Build.0 = Release|Any CPU
		{E383A68D-1928-46F4-8896-4E99DF331476}.Release|x64.ActiveCfg = Release|Any CPU
		{E383A68D-1928-46F4-8896-4E99DF331476}.Release|x64.Build.0 = Release|Any CPU
		{E383A68D-1928-46F4-8896-4E99DF331476}.Release|x86.ActiveCfg = Release|Any CPU
		{E383A68D-1928-46F4-8896-4E99DF331476}.Release|x86.Build.0 = Release|Any CPU
		{85CB09B5-6392-4A13-BAF8-025218BFF496}.Debug|Any CPU.ActiveCfg = Debug|Any CPU
		{85CB09B5-6392-4A13-BAF8-025218BFF496}.Debug|Any CPU.Build.0 = Debug|Any CPU
		{85CB09B5-6392-4A13-BAF8-025218BFF496}.Debug|x64.ActiveCfg = Debug|Any CPU
		{85CB09B5-6392-4A13-BAF8-025218BFF496}.Debug|x64.Build.0 = Debug|Any CPU
		{85CB09B5-6392-4A13-BAF8-025218BFF496}.Debug|x86.ActiveCfg = Debug|Any CPU
		{85CB09B5-6392-4A13-BAF8-025218BFF496}.Debug|x86.Build.0 = Debug|Any CPU
		{85CB09B5-6392-4A13-BAF8-025218BFF496}.Release|Any CPU.ActiveCfg = Release|Any CPU
		{85CB09B5-6392-4A13-BAF8-025218BFF496}.Release|Any CPU.Build.0 = Release|Any CPU
		{85CB09B5-6392-4A13-BAF8-025218BFF496}.Release|x64.ActiveCfg = Release|Any CPU
		{85CB09B5-6392-4A13-BAF8-025218BFF496}.Release|x64.Build.0 = Release|Any CPU
		{85CB09B5-6392-4A13-BAF8-025218BFF496}.Release|x86.ActiveCfg = Release|Any CPU
		{85CB09B5-6392-4A13-BAF8-025218BFF496}.Release|x86.Build.0 = Release|Any CPU
		{02B4D7EC-AC40-4675-963E-53CAB9A86BDE}.Debug|Any CPU.ActiveCfg = Debug|Any CPU
		{02B4D7EC-AC40-4675-963E-53CAB9A86BDE}.Debug|Any CPU.Build.0 = Debug|Any CPU
		{02B4D7EC-AC40-4675-963E-53CAB9A86BDE}.Debug|x64.ActiveCfg = Debug|Any CPU
		{02B4D7EC-AC40-4675-963E-53CAB9A86BDE}.Debug|x64.Build.0 = Debug|Any CPU
		{02B4D7EC-AC40-4675-963E-53CAB9A86BDE}.Debug|x86.ActiveCfg = Debug|Any CPU
		{02B4D7EC-AC40-4675-963E-53CAB9A86BDE}.Debug|x86.Build.0 = Debug|Any CPU
		{02B4D7EC-AC40-4675-963E-53CAB9A86BDE}.Release|Any CPU.ActiveCfg = Release|Any CPU
		{02B4D7EC-AC40-4675-963E-53CAB9A86BDE}.Release|Any CPU.Build.0 = Release|Any CPU
		{02B4D7EC-AC40-4675-963E-53CAB9A86BDE}.Release|x64.ActiveCfg = Release|Any CPU
		{02B4D7EC-AC40-4675-963E-53CAB9A86BDE}.Release|x64.Build.0 = Release|Any CPU
		{02B4D7EC-AC40-4675-963E-53CAB9A86BDE}.Release|x86.ActiveCfg = Release|Any CPU
		{02B4D7EC-AC40-4675-963E-53CAB9A86BDE}.Release|x86.Build.0 = Release|Any CPU
		{2B432E70-FA05-4D99-8241-237B0E4F5D84}.Debug|Any CPU.ActiveCfg = Debug|Any CPU
		{2B432E70-FA05-4D99-8241-237B0E4F5D84}.Debug|Any CPU.Build.0 = Debug|Any CPU
		{2B432E70-FA05-4D99-8241-237B0E4F5D84}.Debug|x64.ActiveCfg = Debug|Any CPU
		{2B432E70-FA05-4D99-8241-237B0E4F5D84}.Debug|x64.Build.0 = Debug|Any CPU
		{2B432E70-FA05-4D99-8241-237B0E4F5D84}.Debug|x86.ActiveCfg = Debug|Any CPU
		{2B432E70-FA05-4D99-8241-237B0E4F5D84}.Debug|x86.Build.0 = Debug|Any CPU
		{2B432E70-FA05-4D99-8241-237B0E4F5D84}.Release|Any CPU.ActiveCfg = Release|Any CPU
		{2B432E70-FA05-4D99-8241-237B0E4F5D84}.Release|Any CPU.Build.0 = Release|Any CPU
		{2B432E70-FA05-4D99-8241-237B0E4F5D84}.Release|x64.ActiveCfg = Release|Any CPU
		{2B432E70-FA05-4D99-8241-237B0E4F5D84}.Release|x64.Build.0 = Release|Any CPU
		{2B432E70-FA05-4D99-8241-237B0E4F5D84}.Release|x86.ActiveCfg = Release|Any CPU
		{2B432E70-FA05-4D99-8241-237B0E4F5D84}.Release|x86.Build.0 = Release|Any CPU
		{3D3CC3D8-2BE5-4239-8471-B2CB2892FA9A}.Debug|Any CPU.ActiveCfg = Debug|Any CPU
		{3D3CC3D8-2BE5-4239-8471-B2CB2892FA9A}.Debug|Any CPU.Build.0 = Debug|Any CPU
		{3D3CC3D8-2BE5-4239-8471-B2CB2892FA9A}.Debug|x64.ActiveCfg = Debug|Any CPU
		{3D3CC3D8-2BE5-4239-8471-B2CB2892FA9A}.Debug|x64.Build.0 = Debug|Any CPU
		{3D3CC3D8-2BE5-4239-8471-B2CB2892FA9A}.Debug|x86.ActiveCfg = Debug|Any CPU
		{3D3CC3D8-2BE5-4239-8471-B2CB2892FA9A}.Debug|x86.Build.0 = Debug|Any CPU
		{3D3CC3D8-2BE5-4239-8471-B2CB2892FA9A}.Release|Any CPU.ActiveCfg = Release|Any CPU
		{3D3CC3D8-2BE5-4239-8471-B2CB2892FA9A}.Release|Any CPU.Build.0 = Release|Any CPU
		{3D3CC3D8-2BE5-4239-8471-B2CB2892FA9A}.Release|x64.ActiveCfg = Release|Any CPU
		{3D3CC3D8-2BE5-4239-8471-B2CB2892FA9A}.Release|x64.Build.0 = Release|Any CPU
		{3D3CC3D8-2BE5-4239-8471-B2CB2892FA9A}.Release|x86.ActiveCfg = Release|Any CPU
		{3D3CC3D8-2BE5-4239-8471-B2CB2892FA9A}.Release|x86.Build.0 = Release|Any CPU
		{1EA61F4E-00E6-4C91-83FD-D144931558CB}.Debug|Any CPU.ActiveCfg = Debug|Any CPU
		{1EA61F4E-00E6-4C91-83FD-D144931558CB}.Debug|Any CPU.Build.0 = Debug|Any CPU
		{1EA61F4E-00E6-4C91-83FD-D144931558CB}.Debug|x64.ActiveCfg = Debug|Any CPU
		{1EA61F4E-00E6-4C91-83FD-D144931558CB}.Debug|x64.Build.0 = Debug|Any CPU
		{1EA61F4E-00E6-4C91-83FD-D144931558CB}.Debug|x86.ActiveCfg = Debug|Any CPU
		{1EA61F4E-00E6-4C91-83FD-D144931558CB}.Debug|x86.Build.0 = Debug|Any CPU
		{1EA61F4E-00E6-4C91-83FD-D144931558CB}.Release|Any CPU.ActiveCfg = Release|Any CPU
		{1EA61F4E-00E6-4C91-83FD-D144931558CB}.Release|Any CPU.Build.0 = Release|Any CPU
		{1EA61F4E-00E6-4C91-83FD-D144931558CB}.Release|x64.ActiveCfg = Release|Any CPU
		{1EA61F4E-00E6-4C91-83FD-D144931558CB}.Release|x64.Build.0 = Release|Any CPU
		{1EA61F4E-00E6-4C91-83FD-D144931558CB}.Release|x86.ActiveCfg = Release|Any CPU
		{1EA61F4E-00E6-4C91-83FD-D144931558CB}.Release|x86.Build.0 = Release|Any CPU
		{92431310-D700-4979-8993-9636C48DF349}.Debug|Any CPU.ActiveCfg = Debug|Any CPU
		{92431310-D700-4979-8993-9636C48DF349}.Debug|Any CPU.Build.0 = Debug|Any CPU
		{92431310-D700-4979-8993-9636C48DF349}.Debug|x64.ActiveCfg = Debug|Any CPU
		{92431310-D700-4979-8993-9636C48DF349}.Debug|x64.Build.0 = Debug|Any CPU
		{92431310-D700-4979-8993-9636C48DF349}.Debug|x86.ActiveCfg = Debug|Any CPU
		{92431310-D700-4979-8993-9636C48DF349}.Debug|x86.Build.0 = Debug|Any CPU
		{92431310-D700-4979-8993-9636C48DF349}.Release|Any CPU.ActiveCfg = Release|Any CPU
		{92431310-D700-4979-8993-9636C48DF349}.Release|Any CPU.Build.0 = Release|Any CPU
		{92431310-D700-4979-8993-9636C48DF349}.Release|x64.ActiveCfg = Release|Any CPU
		{92431310-D700-4979-8993-9636C48DF349}.Release|x64.Build.0 = Release|Any CPU
		{92431310-D700-4979-8993-9636C48DF349}.Release|x86.ActiveCfg = Release|Any CPU
		{92431310-D700-4979-8993-9636C48DF349}.Release|x86.Build.0 = Release|Any CPU
		{93810F37-381B-43C7-A7AA-5BBD3A0A6C1D}.Debug|Any CPU.ActiveCfg = Debug|Any CPU
		{93810F37-381B-43C7-A7AA-5BBD3A0A6C1D}.Debug|Any CPU.Build.0 = Debug|Any CPU
		{93810F37-381B-43C7-A7AA-5BBD3A0A6C1D}.Debug|x64.ActiveCfg = Debug|Any CPU
		{93810F37-381B-43C7-A7AA-5BBD3A0A6C1D}.Debug|x64.Build.0 = Debug|Any CPU
		{93810F37-381B-43C7-A7AA-5BBD3A0A6C1D}.Debug|x86.ActiveCfg = Debug|Any CPU
		{93810F37-381B-43C7-A7AA-5BBD3A0A6C1D}.Debug|x86.Build.0 = Debug|Any CPU
		{93810F37-381B-43C7-A7AA-5BBD3A0A6C1D}.Release|Any CPU.ActiveCfg = Release|Any CPU
		{93810F37-381B-43C7-A7AA-5BBD3A0A6C1D}.Release|Any CPU.Build.0 = Release|Any CPU
		{93810F37-381B-43C7-A7AA-5BBD3A0A6C1D}.Release|x64.ActiveCfg = Release|Any CPU
		{93810F37-381B-43C7-A7AA-5BBD3A0A6C1D}.Release|x64.Build.0 = Release|Any CPU
		{93810F37-381B-43C7-A7AA-5BBD3A0A6C1D}.Release|x86.ActiveCfg = Release|Any CPU
		{93810F37-381B-43C7-A7AA-5BBD3A0A6C1D}.Release|x86.Build.0 = Release|Any CPU
	EndGlobalSection
	GlobalSection(SolutionProperties) = preSolution
		HideSolutionNode = FALSE
	EndGlobalSection
	GlobalSection(NestedProjects) = preSolution
		{02B4D7EC-AC40-4675-963E-53CAB9A86BDE} = {5D11E730-0CAA-4A47-BA1A-379004F0F6D9}
		{2B432E70-FA05-4D99-8241-237B0E4F5D84} = {5D11E730-0CAA-4A47-BA1A-379004F0F6D9}
		{1EA61F4E-00E6-4C91-83FD-D144931558CB} = {5D11E730-0CAA-4A47-BA1A-379004F0F6D9}
		{92431310-D700-4979-8993-9636C48DF349} = {5D11E730-0CAA-4A47-BA1A-379004F0F6D9}
		{93810F37-381B-43C7-A7AA-5BBD3A0A6C1D} = {42319167-E910-4EB9-BA89-7A347E5693CF}
	EndGlobalSection
	GlobalSection(ExtensibilityGlobals) = postSolution
		SolutionGuid = {EE120158-643A-409C-B8F2-5E654E4D6D70}
	EndGlobalSection
EndGlobal
